// !$*UTF8*$!
{
	archiveVersion = 1;
	classes = {
	};
	objectVersion = 56;
	objects = {

/* Begin PBXBuildFile section */
		84918EC52980377D00EE208A /* AppDelegate.swift in Sources */ = {isa = PBXBuildFile; fileRef = 84918EC42980377D00EE208A /* AppDelegate.swift */; };
		84918EC72980377D00EE208A /* SceneDelegate.swift in Sources */ = {isa = PBXBuildFile; fileRef = 84918EC62980377D00EE208A /* SceneDelegate.swift */; };
		84918EC92980377D00EE208A /* ViewController.swift in Sources */ = {isa = PBXBuildFile; fileRef = 84918EC82980377D00EE208A /* ViewController.swift */; };
		84918ECC2980377D00EE208A /* Main.storyboard in Resources */ = {isa = PBXBuildFile; fileRef = 84918ECA2980377D00EE208A /* Main.storyboard */; };
		84918ECE2980377F00EE208A /* Assets.xcassets in Resources */ = {isa = PBXBuildFile; fileRef = 84918ECD2980377F00EE208A /* Assets.xcassets */; };
		84918ED12980377F00EE208A /* LaunchScreen.storyboard in Resources */ = {isa = PBXBuildFile; fileRef = 84918ECF2980377F00EE208A /* LaunchScreen.storyboard */; };
		84918EDF29803CDD00EE208A /* UniformTypeIdentifiers.framework in Frameworks */ = {isa = PBXBuildFile; fileRef = 84918EDE29803CDC00EE208A /* UniformTypeIdentifiers.framework */; };
		84918EE229803CDD00EE208A /* Media.xcassets in Resources */ = {isa = PBXBuildFile; fileRef = 84918EE129803CDD00EE208A /* Media.xcassets */; };
		84918EE429803CDD00EE208A /* ActionViewController.swift in Sources */ = {isa = PBXBuildFile; fileRef = 84918EE329803CDD00EE208A /* ActionViewController.swift */; };
		84918EE729803CDD00EE208A /* MainInterface.storyboard in Resources */ = {isa = PBXBuildFile; fileRef = 84918EE529803CDD00EE208A /* MainInterface.storyboard */; };
		84918EEB29803CDD00EE208A /* Extension.appex in Embed Foundation Extensions */ = {isa = PBXBuildFile; fileRef = 84918EDC29803CDC00EE208A /* Extension.appex */; settings = {ATTRIBUTES = (RemoveHeadersOnCopy, ); }; };
		84918EF12980402100EE208A /* Action.js in Resources */ = {isa = PBXBuildFile; fileRef = 84918EF02980402100EE208A /* Action.js */; };
/* End PBXBuildFile section */

/* Begin PBXContainerItemProxy section */
		84918EE929803CDD00EE208A /* PBXContainerItemProxy */ = {
			isa = PBXContainerItemProxy;
			containerPortal = 84918EB92980377D00EE208A /* Project object */;
			proxyType = 1;
			remoteGlobalIDString = 84918EDB29803CDC00EE208A;
			remoteInfo = Extension;
		};
/* End PBXContainerItemProxy section */

/* Begin PBXCopyFilesBuildPhase section */
		84918EEF29803CDD00EE208A /* Embed Foundation Extensions */ = {
			isa = PBXCopyFilesBuildPhase;
			buildActionMask = 2147483647;
			dstPath = "";
			dstSubfolderSpec = 13;
			files = (
				84918EEB29803CDD00EE208A /* Extension.appex in Embed Foundation Extensions */,
			);
			name = "Embed Foundation Extensions";
			runOnlyForDeploymentPostprocessing = 0;
		};
/* End PBXCopyFilesBuildPhase section */

/* Begin PBXFileReference section */
		84918EC12980377D00EE208A /* Project19.1.app */ = {isa = PBXFileReference; explicitFileType = wrapper.application; includeInIndex = 0; path = Project19.1.app; sourceTree = BUILT_PRODUCTS_DIR; };
		84918EC42980377D00EE208A /* AppDelegate.swift */ = {isa = PBXFileReference; lastKnownFileType = sourcecode.swift; path = AppDelegate.swift; sourceTree = "<group>"; };
		84918EC62980377D00EE208A /* SceneDelegate.swift */ = {isa = PBXFileReference; lastKnownFileType = sourcecode.swift; path = SceneDelegate.swift; sourceTree = "<group>"; };
		84918EC82980377D00EE208A /* ViewController.swift */ = {isa = PBXFileReference; lastKnownFileType = sourcecode.swift; path = ViewController.swift; sourceTree = "<group>"; };
		84918ECB2980377D00EE208A /* Base */ = {isa = PBXFileReference; lastKnownFileType = file.storyboard; name = Base; path = Base.lproj/Main.storyboard; sourceTree = "<group>"; };
		84918ECD2980377F00EE208A /* Assets.xcassets */ = {isa = PBXFileReference; lastKnownFileType = folder.assetcatalog; path = Assets.xcassets; sourceTree = "<group>"; };
		84918ED02980377F00EE208A /* Base */ = {isa = PBXFileReference; lastKnownFileType = file.storyboard; name = Base; path = Base.lproj/LaunchScreen.storyboard; sourceTree = "<group>"; };
		84918ED22980377F00EE208A /* Info.plist */ = {isa = PBXFileReference; lastKnownFileType = text.plist.xml; path = Info.plist; sourceTree = "<group>"; };
		84918EDC29803CDC00EE208A /* Extension.appex */ = {isa = PBXFileReference; explicitFileType = "wrapper.app-extension"; includeInIndex = 0; path = Extension.appex; sourceTree = BUILT_PRODUCTS_DIR; };
		84918EDE29803CDC00EE208A /* UniformTypeIdentifiers.framework */ = {isa = PBXFileReference; lastKnownFileType = wrapper.framework; name = UniformTypeIdentifiers.framework; path = System/Library/Frameworks/UniformTypeIdentifiers.framework; sourceTree = SDKROOT; };
		84918EE129803CDD00EE208A /* Media.xcassets */ = {isa = PBXFileReference; lastKnownFileType = folder.assetcatalog; path = Media.xcassets; sourceTree = "<group>"; };
		84918EE329803CDD00EE208A /* ActionViewController.swift */ = {isa = PBXFileReference; lastKnownFileType = sourcecode.swift; path = ActionViewController.swift; sourceTree = "<group>"; };
		84918EE629803CDD00EE208A /* Base */ = {isa = PBXFileReference; lastKnownFileType = file.storyboard; name = Base; path = Base.lproj/MainInterface.storyboard; sourceTree = "<group>"; };
		84918EE829803CDD00EE208A /* Info.plist */ = {isa = PBXFileReference; lastKnownFileType = text.plist.xml; path = Info.plist; sourceTree = "<group>"; };
		84918EF02980402100EE208A /* Action.js */ = {isa = PBXFileReference; lastKnownFileType = sourcecode.javascript; path = Action.js; sourceTree = "<group>"; };
/* End PBXFileReference section */

/* Begin PBXFrameworksBuildPhase section */
		84918EBE2980377D00EE208A /* Frameworks */ = {
			isa = PBXFrameworksBuildPhase;
			buildActionMask = 2147483647;
			files = (
			);
			runOnlyForDeploymentPostprocessing = 0;
		};
		84918ED929803CDC00EE208A /* Frameworks */ = {
			isa = PBXFrameworksBuildPhase;
			buildActionMask = 2147483647;
			files = (
				84918EDF29803CDD00EE208A /* UniformTypeIdentifiers.framework in Frameworks */,
			);
			runOnlyForDeploymentPostprocessing = 0;
		};
/* End PBXFrameworksBuildPhase section */

/* Begin PBXGroup section */
		84918EB82980377D00EE208A = {
			isa = PBXGroup;
			children = (
				84918EC32980377D00EE208A /* Project19.1 */,
				84918EE029803CDD00EE208A /* Extension */,
				84918EDD29803CDC00EE208A /* Frameworks */,
				84918EC22980377D00EE208A /* Products */,
			);
			sourceTree = "<group>";
		};
		84918EC22980377D00EE208A /* Products */ = {
			isa = PBXGroup;
			children = (
				84918EC12980377D00EE208A /* Project19.1.app */,
				84918EDC29803CDC00EE208A /* Extension.appex */,
			);
			name = Products;
			sourceTree = "<group>";
		};
		84918EC32980377D00EE208A /* Project19.1 */ = {
			isa = PBXGroup;
			children = (
				84918EC42980377D00EE208A /* AppDelegate.swift */,
				84918EC62980377D00EE208A /* SceneDelegate.swift */,
				84918EC82980377D00EE208A /* ViewController.swift */,
				84918ECA2980377D00EE208A /* Main.storyboard */,
				84918ECD2980377F00EE208A /* Assets.xcassets */,
				84918ECF2980377F00EE208A /* LaunchScreen.storyboard */,
				84918ED22980377F00EE208A /* Info.plist */,
			);
			path = Project19.1;
			sourceTree = "<group>";
		};
		84918EDD29803CDC00EE208A /* Frameworks */ = {
			isa = PBXGroup;
			children = (
				84918EDE29803CDC00EE208A /* UniformTypeIdentifiers.framework */,
			);
			name = Frameworks;
			sourceTree = "<group>";
		};
		84918EE029803CDD00EE208A /* Extension */ = {
			isa = PBXGroup;
			children = (
				84918EE129803CDD00EE208A /* Media.xcassets */,
				84918EE329803CDD00EE208A /* ActionViewController.swift */,
				84918EE529803CDD00EE208A /* MainInterface.storyboard */,
				84918EE829803CDD00EE208A /* Info.plist */,
				84918EF02980402100EE208A /* Action.js */,
			);
			path = Extension;
			sourceTree = "<group>";
		};
/* End PBXGroup section */

/* Begin PBXNativeTarget section */
		84918EC02980377D00EE208A /* Project19.1 */ = {
			isa = PBXNativeTarget;
			buildConfigurationList = 84918ED52980377F00EE208A /* Build configuration list for PBXNativeTarget "Project19.1" */;
			buildPhases = (
				84918EBD2980377D00EE208A /* Sources */,
				84918EBE2980377D00EE208A /* Frameworks */,
				84918EBF2980377D00EE208A /* Resources */,
				84918EEF29803CDD00EE208A /* Embed Foundation Extensions */,
			);
			buildRules = (
			);
			dependencies = (
				84918EEA29803CDD00EE208A /* PBXTargetDependency */,
			);
			name = Project19.1;
			productName = Project19.1;
			productReference = 84918EC12980377D00EE208A /* Project19.1.app */;
			productType = "com.apple.product-type.application";
		};
		84918EDB29803CDC00EE208A /* Extension */ = {
			isa = PBXNativeTarget;
			buildConfigurationList = 84918EEC29803CDD00EE208A /* Build configuration list for PBXNativeTarget "Extension" */;
			buildPhases = (
				84918ED829803CDC00EE208A /* Sources */,
				84918ED929803CDC00EE208A /* Frameworks */,
				84918EDA29803CDC00EE208A /* Resources */,
			);
			buildRules = (
			);
			dependencies = (
			);
			name = Extension;
			productName = Extension;
			productReference = 84918EDC29803CDC00EE208A /* Extension.appex */;
			productType = "com.apple.product-type.app-extension";
		};
/* End PBXNativeTarget section */

/* Begin PBXProject section */
		84918EB92980377D00EE208A /* Project object */ = {
			isa = PBXProject;
			attributes = {
				BuildIndependentTargetsInParallel = 1;
				LastSwiftUpdateCheck = 1420;
				LastUpgradeCheck = 1420;
				TargetAttributes = {
					84918EC02980377D00EE208A = {
						CreatedOnToolsVersion = 14.2;
					};
					84918EDB29803CDC00EE208A = {
						CreatedOnToolsVersion = 14.2;
					};
				};
			};
			buildConfigurationList = 84918EBC2980377D00EE208A /* Build configuration list for PBXProject "Project19.1" */;
			compatibilityVersion = "Xcode 14.0";
			developmentRegion = en;
			hasScannedForEncodings = 0;
			knownRegions = (
				en,
				Base,
			);
			mainGroup = 84918EB82980377D00EE208A;
			productRefGroup = 84918EC22980377D00EE208A /* Products */;
			projectDirPath = "";
			projectRoot = "";
			targets = (
				84918EC02980377D00EE208A /* Project19.1 */,
				84918EDB29803CDC00EE208A /* Extension */,
			);
		};
/* End PBXProject section */

/* Begin PBXResourcesBuildPhase section */
		84918EBF2980377D00EE208A /* Resources */ = {
			isa = PBXResourcesBuildPhase;
			buildActionMask = 2147483647;
			files = (
				84918ED12980377F00EE208A /* LaunchScreen.storyboard in Resources */,
				84918ECE2980377F00EE208A /* Assets.xcassets in Resources */,
				84918ECC2980377D00EE208A /* Main.storyboard in Resources */,
			);
			runOnlyForDeploymentPostprocessing = 0;
		};
		84918EDA29803CDC00EE208A /* Resources */ = {
			isa = PBXResourcesBuildPhase;
			buildActionMask = 2147483647;
			files = (
				84918EF12980402100EE208A /* Action.js in Resources */,
				84918EE229803CDD00EE208A /* Media.xcassets in Resources */,
				84918EE729803CDD00EE208A /* MainInterface.storyboard in Resources */,
			);
			runOnlyForDeploymentPostprocessing = 0;
		};
/* End PBXResourcesBuildPhase section */

/* Begin PBXSourcesBuildPhase section */
		84918EBD2980377D00EE208A /* Sources */ = {
			isa = PBXSourcesBuildPhase;
			buildActionMask = 2147483647;
			files = (
				84918EC92980377D00EE208A /* ViewController.swift in Sources */,
				84918EC52980377D00EE208A /* AppDelegate.swift in Sources */,
				84918EC72980377D00EE208A /* SceneDelegate.swift in Sources */,
			);
			runOnlyForDeploymentPostprocessing = 0;
		};
		84918ED829803CDC00EE208A /* Sources */ = {
			isa = PBXSourcesBuildPhase;
			buildActionMask = 2147483647;
			files = (
				84918EE429803CDD00EE208A /* ActionViewController.swift in Sources */,
			);
			runOnlyForDeploymentPostprocessing = 0;
		};
/* End PBXSourcesBuildPhase section */

/* Begin PBXTargetDependency section */
		84918EEA29803CDD00EE208A /* PBXTargetDependency */ = {
			isa = PBXTargetDependency;
			target = 84918EDB29803CDC00EE208A /* Extension */;
			targetProxy = 84918EE929803CDD00EE208A /* PBXContainerItemProxy */;
		};
/* End PBXTargetDependency section */

/* Begin PBXVariantGroup section */
		84918ECA2980377D00EE208A /* Main.storyboard */ = {
			isa = PBXVariantGroup;
			children = (
				84918ECB2980377D00EE208A /* Base */,
			);
			name = Main.storyboard;
			sourceTree = "<group>";
		};
		84918ECF2980377F00EE208A /* LaunchScreen.storyboard */ = {
			isa = PBXVariantGroup;
			children = (
				84918ED02980377F00EE208A /* Base */,
			);
			name = LaunchScreen.storyboard;
			sourceTree = "<group>";
		};
		84918EE529803CDD00EE208A /* MainInterface.storyboard */ = {
			isa = PBXVariantGroup;
			children = (
				84918EE629803CDD00EE208A /* Base */,
			);
			name = MainInterface.storyboard;
			sourceTree = "<group>";
		};
/* End PBXVariantGroup section */

/* Begin XCBuildConfiguration section */
		84918ED32980377F00EE208A /* Debug */ = {
			isa = XCBuildConfiguration;
			buildSettings = {
				ALWAYS_SEARCH_USER_PATHS = NO;
				CLANG_ANALYZER_NONNULL = YES;
				CLANG_ANALYZER_NUMBER_OBJECT_CONVERSION = YES_AGGRESSIVE;
				CLANG_CXX_LANGUAGE_STANDARD = "gnu++20";
				CLANG_ENABLE_MODULES = YES;
				CLANG_ENABLE_OBJC_ARC = YES;
				CLANG_ENABLE_OBJC_WEAK = YES;
				CLANG_WARN_BLOCK_CAPTURE_AUTORELEASING = YES;
				CLANG_WARN_BOOL_CONVERSION = YES;
				CLANG_WARN_COMMA = YES;
				CLANG_WARN_CONSTANT_CONVERSION = YES;
				CLANG_WARN_DEPRECATED_OBJC_IMPLEMENTATIONS = YES;
				CLANG_WARN_DIRECT_OBJC_ISA_USAGE = YES_ERROR;
				CLANG_WARN_DOCUMENTATION_COMMENTS = YES;
				CLANG_WARN_EMPTY_BODY = YES;
				CLANG_WARN_ENUM_CONVERSION = YES;
				CLANG_WARN_INFINITE_RECURSION = YES;
				CLANG_WARN_INT_CONVERSION = YES;
				CLANG_WARN_NON_LITERAL_NULL_CONVERSION = YES;
				CLANG_WARN_OBJC_IMPLICIT_RETAIN_SELF = YES;
				CLANG_WARN_OBJC_LITERAL_CONVERSION = YES;
				CLANG_WARN_OBJC_ROOT_CLASS = YES_ERROR;
				CLANG_WARN_QUOTED_INCLUDE_IN_FRAMEWORK_HEADER = YES;
				CLANG_WARN_RANGE_LOOP_ANALYSIS = YES;
				CLANG_WARN_STRICT_PROTOTYPES = YES;
				CLANG_WARN_SUSPICIOUS_MOVE = YES;
				CLANG_WARN_UNGUARDED_AVAILABILITY = YES_AGGRESSIVE;
				CLANG_WARN_UNREACHABLE_CODE = YES;
				CLANG_WARN__DUPLICATE_METHOD_MATCH = YES;
				COPY_PHASE_STRIP = NO;
				DEBUG_INFORMATION_FORMAT = dwarf;
				ENABLE_STRICT_OBJC_MSGSEND = YES;
				ENABLE_TESTABILITY = YES;
				GCC_C_LANGUAGE_STANDARD = gnu11;
				GCC_DYNAMIC_NO_PIC = NO;
				GCC_NO_COMMON_BLOCKS = YES;
				GCC_OPTIMIZATION_LEVEL = 0;
				GCC_PREPROCESSOR_DEFINITIONS = (
					"DEBUG=1",
					"$(inherited)",
				);
				GCC_WARN_64_TO_32_BIT_CONVERSION = YES;
				GCC_WARN_ABOUT_RETURN_TYPE = YES_ERROR;
				GCC_WARN_UNDECLARED_SELECTOR = YES;
				GCC_WARN_UNINITIALIZED_AUTOS = YES_AGGRESSIVE;
				GCC_WARN_UNUSED_FUNCTION = YES;
				GCC_WARN_UNUSED_VARIABLE = YES;
				IPHONEOS_DEPLOYMENT_TARGET = 16.2;
				MTL_ENABLE_DEBUG_INFO = INCLUDE_SOURCE;
				MTL_FAST_MATH = YES;
				ONLY_ACTIVE_ARCH = YES;
				SDKROOT = iphoneos;
				SWIFT_ACTIVE_COMPILATION_CONDITIONS = DEBUG;
				SWIFT_OPTIMIZATION_LEVEL = "-Onone";
			};
			name = Debug;
		};
		84918ED42980377F00EE208A /* Release */ = {
			isa = XCBuildConfiguration;
			buildSettings = {
				ALWAYS_SEARCH_USER_PATHS = NO;
				CLANG_ANALYZER_NONNULL = YES;
				CLANG_ANALYZER_NUMBER_OBJECT_CONVERSION = YES_AGGRESSIVE;
				CLANG_CXX_LANGUAGE_STANDARD = "gnu++20";
				CLANG_ENABLE_MODULES = YES;
				CLANG_ENABLE_OBJC_ARC = YES;
				CLANG_ENABLE_OBJC_WEAK = YES;
				CLANG_WARN_BLOCK_CAPTURE_AUTORELEASING = YES;
				CLANG_WARN_BOOL_CONVERSION = YES;
				CLANG_WARN_COMMA = YES;
				CLANG_WARN_CONSTANT_CONVERSION = YES;
				CLANG_WARN_DEPRECATED_OBJC_IMPLEMENTATIONS = YES;
				CLANG_WARN_DIRECT_OBJC_ISA_USAGE = YES_ERROR;
				CLANG_WARN_DOCUMENTATION_COMMENTS = YES;
				CLANG_WARN_EMPTY_BODY = YES;
				CLANG_WARN_ENUM_CONVERSION = YES;
				CLANG_WARN_INFINITE_RECURSION = YES;
				CLANG_WARN_INT_CONVERSION = YES;
				CLANG_WARN_NON_LITERAL_NULL_CONVERSION = YES;
				CLANG_WARN_OBJC_IMPLICIT_RETAIN_SELF = YES;
				CLANG_WARN_OBJC_LITERAL_CONVERSION = YES;
				CLANG_WARN_OBJC_ROOT_CLASS = YES_ERROR;
				CLANG_WARN_QUOTED_INCLUDE_IN_FRAMEWORK_HEADER = YES;
				CLANG_WARN_RANGE_LOOP_ANALYSIS = YES;
				CLANG_WARN_STRICT_PROTOTYPES = YES;
				CLANG_WARN_SUSPICIOUS_MOVE = YES;
				CLANG_WARN_UNGUARDED_AVAILABILITY = YES_AGGRESSIVE;
				CLANG_WARN_UNREACHABLE_CODE = YES;
				CLANG_WARN__DUPLICATE_METHOD_MATCH = YES;
				COPY_PHASE_STRIP = NO;
				DEBUG_INFORMATION_FORMAT = "dwarf-with-dsym";
				ENABLE_NS_ASSERTIONS = NO;
				ENABLE_STRICT_OBJC_MSGSEND = YES;
				GCC_C_LANGUAGE_STANDARD = gnu11;
				GCC_NO_COMMON_BLOCKS = YES;
				GCC_WARN_64_TO_32_BIT_CONVERSION = YES;
				GCC_WARN_ABOUT_RETURN_TYPE = YES_ERROR;
				GCC_WARN_UNDECLARED_SELECTOR = YES;
				GCC_WARN_UNINITIALIZED_AUTOS = YES_AGGRESSIVE;
				GCC_WARN_UNUSED_FUNCTION = YES;
				GCC_WARN_UNUSED_VARIABLE = YES;
				IPHONEOS_DEPLOYMENT_TARGET = 16.2;
				MTL_ENABLE_DEBUG_INFO = NO;
				MTL_FAST_MATH = YES;
				SDKROOT = iphoneos;
				SWIFT_COMPILATION_MODE = wholemodule;
				SWIFT_OPTIMIZATION_LEVEL = "-O";
				VALIDATE_PRODUCT = YES;
			};
			name = Release;
		};
		84918ED62980377F00EE208A /* Debug */ = {
			isa = XCBuildConfiguration;
			buildSettings = {
				ALWAYS_EMBED_SWIFT_STANDARD_LIBRARIES = YES;
				ASSETCATALOG_COMPILER_APPICON_NAME = AppIcon;
				ASSETCATALOG_COMPILER_GLOBAL_ACCENT_COLOR_NAME = AccentColor;
				CODE_SIGN_STYLE = Automatic;
				CURRENT_PROJECT_VERSION = 1;
				DEVELOPMENT_TEAM = S695ZJTN24;
				GENERATE_INFOPLIST_FILE = YES;
				INFOPLIST_FILE = Project19.1/Info.plist;
				INFOPLIST_KEY_UIApplicationSupportsIndirectInputEvents = YES;
				INFOPLIST_KEY_UILaunchStoryboardName = LaunchScreen;
				INFOPLIST_KEY_UIMainStoryboardFile = Main;
				INFOPLIST_KEY_UISupportedInterfaceOrientations_iPad = "UIInterfaceOrientationPortrait UIInterfaceOrientationPortraitUpsideDown UIInterfaceOrientationLandscapeLeft UIInterfaceOrientationLandscapeRight";
				INFOPLIST_KEY_UISupportedInterfaceOrientations_iPhone = "UIInterfaceOrientationPortrait UIInterfaceOrientationLandscapeLeft UIInterfaceOrientationLandscapeRight";
				LD_RUNPATH_SEARCH_PATHS = (
					"$(inherited)",
					"@executable_path/Frameworks",
				);
				MARKETING_VERSION = 1.0;
				PRODUCT_BUNDLE_IDENTIFIER = "Vogtman.Project19-1";
				PRODUCT_NAME = "$(TARGET_NAME)";
				SWIFT_EMIT_LOC_STRINGS = YES;
				SWIFT_VERSION = 5.0;
				TARGETED_DEVICE_FAMILY = "1,2";
			};
			name = Debug;
		};
		84918ED72980377F00EE208A /* Release */ = {
			isa = XCBuildConfiguration;
			buildSettings = {
				ALWAYS_EMBED_SWIFT_STANDARD_LIBRARIES = YES;
				ASSETCATALOG_COMPILER_APPICON_NAME = AppIcon;
				ASSETCATALOG_COMPILER_GLOBAL_ACCENT_COLOR_NAME = AccentColor;
				CODE_SIGN_STYLE = Automatic;
				CURRENT_PROJECT_VERSION = 1;
				DEVELOPMENT_TEAM = S695ZJTN24;
				GENERATE_INFOPLIST_FILE = YES;
				INFOPLIST_FILE = Project19.1/Info.plist;
				INFOPLIST_KEY_UIApplicationSupportsIndirectInputEvents = YES;
				INFOPLIST_KEY_UILaunchStoryboardName = LaunchScreen;
				INFOPLIST_KEY_UIMainStoryboardFile = Main;
				INFOPLIST_KEY_UISupportedInterfaceOrientations_iPad = "UIInterfaceOrientationPortrait UIInterfaceOrientationPortraitUpsideDown UIInterfaceOrientationLandscapeLeft UIInterfaceOrientationLandscapeRight";
				INFOPLIST_KEY_UISupportedInterfaceOrientations_iPhone = "UIInterfaceOrientationPortrait UIInterfaceOrientationLandscapeLeft UIInterfaceOrientationLandscapeRight";
				LD_RUNPATH_SEARCH_PATHS = (
					"$(inherited)",
					"@executable_path/Frameworks",
				);
				MARKETING_VERSION = 1.0;
				PRODUCT_BUNDLE_IDENTIFIER = "Vogtman.Project19-1";
				PRODUCT_NAME = "$(TARGET_NAME)";
				SWIFT_EMIT_LOC_STRINGS = YES;
				SWIFT_VERSION = 5.0;
				TARGETED_DEVICE_FAMILY = "1,2";
			};
			name = Release;
		};
		84918EED29803CDD00EE208A /* Debug */ = {
			isa = XCBuildConfiguration;
			buildSettings = {
				CODE_SIGN_STYLE = Automatic;
				CURRENT_PROJECT_VERSION = 1;
				DEVELOPMENT_TEAM = S695ZJTN24;
				GENERATE_INFOPLIST_FILE = YES;
				INFOPLIST_FILE = Extension/Info.plist;
				INFOPLIST_KEY_CFBundleDisplayName = Extension;
				INFOPLIST_KEY_NSHumanReadableCopyright = "";
				LD_RUNPATH_SEARCH_PATHS = (
					"$(inherited)",
					"@executable_path/Frameworks",
					"@executable_path/../../Frameworks",
				);
				MARKETING_VERSION = 1.0;
				PRODUCT_BUNDLE_IDENTIFIER = "Vogtman.Project19-1.Extension";
				PRODUCT_NAME = "$(TARGET_NAME)";
				SKIP_INSTALL = YES;
				SWIFT_EMIT_LOC_STRINGS = YES;
				SWIFT_VERSION = 5.0;
				TARGETED_DEVICE_FAMILY = "1,2";
			};
			name = Debug;
		};
		84918EEE29803CDD00EE208A /* Release */ = {
			isa = XCBuildConfiguration;
			buildSettings = {
				CODE_SIGN_STYLE = Automatic;
				CURRENT_PROJECT_VERSION = 1;
				DEVELOPMENT_TEAM = S695ZJTN24;
				GENERATE_INFOPLIST_FILE = YES;
				INFOPLIST_FILE = Extension/Info.plist;
				INFOPLIST_KEY_CFBundleDisplayName = Extension;
				INFOPLIST_KEY_NSHumanReadableCopyright = "";
				LD_RUNPATH_SEARCH_PATHS = (
					"$(inherited)",
					"@executable_path/Frameworks",
					"@executable_path/../../Frameworks",
				);
				MARKETING_VERSION = 1.0;
				PRODUCT_BUNDLE_IDENTIFIER = "Vogtman.Project19-1.Extension";
				PRODUCT_NAME = "$(TARGET_NAME)";
				SKIP_INSTALL = YES;
				SWIFT_EMIT_LOC_STRINGS = YES;
				SWIFT_VERSION = 5.0;
				TARGETED_DEVICE_FAMILY = "1,2";
			};
			name = Release;
		};
/* End XCBuildConfiguration section */

/* Begin XCConfigurationList section */
		84918EBC2980377D00EE208A /* Build configuration list for PBXProject "Project19.1" */ = {
			isa = XCConfigurationList;
			buildConfigurations = (
				84918ED32980377F00EE208A /* Debug */,
				84918ED42980377F00EE208A /* Release */,
			);
			defaultConfigurationIsVisible = 0;
			defaultConfigurationName = Release;
		};
		84918ED52980377F00EE208A /* Build configuration list for PBXNativeTarget "Project19.1" */ = {
			isa = XCConfigurationList;
			buildConfigurations = (
				84918ED62980377F00EE208A /* Debug */,
				84918ED72980377F00EE208A /* Release */,
			);
			defaultConfigurationIsVisible = 0;
			defaultConfigurationName = Release;
		};
		84918EEC29803CDD00EE208A /* Build configuration list for PBXNativeTarget "Extension" */ = {
			isa = XCConfigurationList;
			buildConfigurations = (
				84918EED29803CDD00EE208A /* Debug */,
				84918EEE29803CDD00EE208A /* Release */,
			);
			defaultConfigurationIsVisible = 0;
			defaultConfigurationName = Release;
		};
/* End XCConfigurationList section */
	};
	rootObject = 84918EB92980377D00EE208A /* Project object */;
}
